
Microsoft Visual Studio Solution File, Format Version 10.00
# Visual Studio 2008
Project("{FAE04EC0-301F-11D3-BF4B-00C04F79EFBC}") = "TestDemo", "TestDemo\TestDemo.csproj", "{9FBD68DD-1D82-4118-95C0-C708074EDDEA}"
EndProject
Global
	GlobalSection(SolutionConfigurationPlatforms) = preSolution
		Debug|Any CPU = Debug|Any CPU
		Release|Any CPU = Release|Any CPU
	EndGlobalSection
	GlobalSection(ProjectConfigurationPlatforms) = postSolution
		{9FBD68DD-1D82-4118-95C0-C708074EDDEA}.Debug|Any CPU.ActiveCfg = Debug|Any CPU
		{9FBD68DD-1D82-4118-95C0-C708074EDDEA}.Debug|Any CPU.Build.0 = Debug|Any CPU
		{9FBD68DD-1D82-4118-95C0-C708074EDDEA}.Release|Any CPU.ActiveCfg = Release|Any CPU
		{9FBD68DD-1D82-4118-95C0-C708074EDDEA}.Release|Any CPU.Build.0 = Release|Any CPU
	EndGlobalSection
	GlobalSection(SolutionProperties) = preSolution
		HideSolutionNode = FALSE
	EndGlobalSection
EndGlobal
