
Microsoft Visual Studio Solution File, Format Version 10.00
# Visual Studio 2008
Project("{FAE04EC0-301F-11D3-BF4B-00C04F79EFBC}") = "QSFPER1模块测试程序", "QSFP模块测试程序\QSFPER1模块测试程序.csproj", "{E9E55D2F-CDDA-462A-AF4C-A05DC833A134}"
EndProject
Global
	GlobalSection(SolutionConfigurationPlatforms) = preSolution
		Debug|Any CPU = Debug|Any CPU
		Release|Any CPU = Release|Any CPU
	EndGlobalSection
	GlobalSection(ProjectConfigurationPlatforms) = postSolution
		{E9E55D2F-CDDA-462A-AF4C-A05DC833A134}.Debug|Any CPU.ActiveCfg = Debug|Any CPU
		{E9E55D2F-CDDA-462A-AF4C-A05DC833A134}.Debug|Any CPU.Build.0 = Debug|Any CPU
		{E9E55D2F-CDDA-462A-AF4C-A05DC833A134}.Release|Any CPU.ActiveCfg = Release|Any CPU
		{E9E55D2F-CDDA-462A-AF4C-A05DC833A134}.Release|Any CPU.Build.0 = Release|Any CPU
	EndGlobalSection
	GlobalSection(SolutionProperties) = preSolution
		HideSolutionNode = FALSE
	EndGlobalSection
EndGlobal
