
Microsoft Visual Studio Solution File, Format Version 12.00
# Visual Studio Version 16
VisualStudioVersion = 16.0.37206.5
MinimumVisualStudioVersion = 10.0.40219.1
Project("{FAE04EC0-301F-11D3-BF4B-00C04F79EFBC}") = "SFPXFP自动测试软件多端口", "SFPXFP多端口自动测试软件\SFPXFP自动测试软件多端口.csproj", "{3DB2A543-9ECE-4008-997B-27BE18BDB5B4}"
EndProject
Global
	GlobalSection(SolutionConfigurationPlatforms) = preSolution
		Debug|Any CPU = Debug|Any CPU
		Release|Any CPU = Release|Any CPU
	EndGlobalSection
	GlobalSection(ProjectConfigurationPlatforms) = postSolution
		{3DB2A543-9ECE-4008-997B-27BE18BDB5B4}.Debug|Any CPU.ActiveCfg = Debug|Any CPU
		{3DB2A543-9ECE-4008-997B-27BE18BDB5B4}.Debug|Any CPU.Build.0 = Debug|Any CPU
		{3DB2A543-9ECE-4008-997B-27BE18BDB5B4}.Release|Any CPU.ActiveCfg = Release|Any CPU
		{3DB2A543-9ECE-4008-997B-27BE18BDB5B4}.Release|Any CPU.Build.0 = Release|Any CPU
	EndGlobalSection
	GlobalSection(SolutionProperties) = preSolution
		HideSolutionNode = FALSE
	EndGlobalSection
	GlobalSection(ExtensibilityGlobals) = postSolution
		SolutionGuid = {BB3B5D22-6E14-4CC9-8210-5EE2E6E3CF13}
	EndGlobalSection
EndGlobal
