
Microsoft Visual Studio Solution File, Format Version 12.00
# Visual Studio Version 16
VisualStudioVersion = 16.0.37327.17
MinimumVisualStudioVersion = 10.0.40219.1
Project("{FAE04EC0-301F-11D3-BF4B-00C04F79EFBC}") = "02_SerialPort_LearnDemo", "02_SerialPort_LearnDemo.csproj", "{AB0D995D-9197-46EB-BF29-191B451A5B8C}"
EndProject
Global
	GlobalSection(SolutionConfigurationPlatforms) = preSolution
		Debug|Any CPU = Debug|Any CPU
		Release|Any CPU = Release|Any CPU
	EndGlobalSection
	GlobalSection(ProjectConfigurationPlatforms) = postSolution
		{AB0D995D-9197-46EB-BF29-191B451A5B8C}.Debug|Any CPU.ActiveCfg = Debug|Any CPU
		{AB0D995D-9197-46EB-BF29-191B451A5B8C}.Debug|Any CPU.Build.0 = Debug|Any CPU
		{AB0D995D-9197-46EB-BF29-191B451A5B8C}.Release|Any CPU.ActiveCfg = Release|Any CPU
		{AB0D995D-9197-46EB-BF29-191B451A5B8C}.Release|Any CPU.Build.0 = Release|Any CPU
	EndGlobalSection
	GlobalSection(SolutionProperties) = preSolution
		HideSolutionNode = FALSE
	EndGlobalSection
	GlobalSection(ExtensibilityGlobals) = postSolution
		SolutionGuid = {9DEB38E6-F2E0-4BC4-9BB5-3F8A51C4CB2E}
	EndGlobalSection
EndGlobal
