
Microsoft Visual Studio Solution File, Format Version 12.00
# Visual Studio Version 16
VisualStudioVersion = 16.0.37206.5
MinimumVisualStudioVersion = 10.0.40219.1
Project("{FAE04EC0-301F-11D3-BF4B-00C04F79EFBC}") = "QSFP模块终测检查软件", "SFP模块终测检查软件\QSFP模块终测检查软件.csproj", "{38913A9F-43B6-417D-8197-3B0C25BEF321}"
EndProject
Global
	GlobalSection(SolutionConfigurationPlatforms) = preSolution
		Debug|Any CPU = Debug|Any CPU
		Release|Any CPU = Release|Any CPU
	EndGlobalSection
	GlobalSection(ProjectConfigurationPlatforms) = postSolution
		{38913A9F-43B6-417D-8197-3B0C25BEF321}.Debug|Any CPU.ActiveCfg = Debug|Any CPU
		{38913A9F-43B6-417D-8197-3B0C25BEF321}.Debug|Any CPU.Build.0 = Debug|Any CPU
		{38913A9F-43B6-417D-8197-3B0C25BEF321}.Release|Any CPU.ActiveCfg = Release|Any CPU
		{38913A9F-43B6-417D-8197-3B0C25BEF321}.Release|Any CPU.Build.0 = Release|Any CPU
	EndGlobalSection
	GlobalSection(SolutionProperties) = preSolution
		HideSolutionNode = FALSE
	EndGlobalSection
	GlobalSection(ExtensibilityGlobals) = postSolution
		SolutionGuid = {853D178F-ACAD-471F-BC65-B48A2A1EF0BD}
	EndGlobalSection
EndGlobal
